
Microsoft Visual Studio Solution File, Format Version 12.00
# Visual Studio Version 16
VisualStudioVersion = 16.0.30611.23
MinimumVisualStudioVersion = 10.0.40219.1
Project("{FAE04EC0-301F-11D3-BF4B-00C04F79EFBC}") = "QBRatingSystemBroke", "QBRatingSystemBroke.csproj", "{B44BC96B-9F20-4E03-8B69-ADC77B1E4DF3}"
EndProject
Global
	GlobalSection(SolutionConfigurationPlatforms) = preSolution
		Debug|Any CPU = Debug|Any CPU
		Release|Any CPU = Release|Any CPU
	EndGlobalSection
	GlobalSection(ProjectConfigurationPlatforms) = postSolution
		{B44BC96B-9F20-4E03-8B69-ADC77B1E4DF3}.Debug|Any CPU.ActiveCfg = Debug|Any CPU
		{B44BC96B-9F20-4E03-8B69-ADC77B1E4DF3}.Debug|Any CPU.Build.0 = Debug|Any CPU
		{B44BC96B-9F20-4E03-8B69-ADC77B1E4DF3}.Release|Any CPU.ActiveCfg = Release|Any CPU
		{B44BC96B-9F20-4E03-8B69-ADC77B1E4DF3}.Release|Any CPU.Build.0 = Release|Any CPU
	EndGlobalSection
	GlobalSection(SolutionProperties) = preSolution
		HideSolutionNode = FALSE
	EndGlobalSection
	GlobalSection(ExtensibilityGlobals) = postSolution
		SolutionGuid = {CC616F9C-DF09-4AB0-A60B-5D7879157508}
	EndGlobalSection
EndGlobal
